
Microsoft Visual Studio Solution File, Format Version 12.00
# Visual Studio 2012
Project("{FAE04EC0-301F-11D3-BF4B-00C04F79EFBC}") = "Book Management System", "Book Management System\Book Management System.csproj", "{A59477FA-5605-4E4B-AB47-E7D4CD927E56}"
EndProject
Global
	GlobalSection(SolutionConfigurationPlatforms) = preSolution
		Debug|Any CPU = Debug|Any CPU
		Release|Any CPU = Release|Any CPU
	EndGlobalSection
	GlobalSection(ProjectConfigurationPlatforms) = postSolution
		{A59477FA-5605-4E4B-AB47-E7D4CD927E56}.Debug|Any CPU.ActiveCfg = Debug|Any CPU
		{A59477FA-5605-4E4B-AB47-E7D4CD927E56}.Debug|Any CPU.Build.0 = Debug|Any CPU
		{A59477FA-5605-4E4B-AB47-E7D4CD927E56}.Release|Any CPU.ActiveCfg = Release|Any CPU
		{A59477FA-5605-4E4B-AB47-E7D4CD927E56}.Release|Any CPU.Build.0 = Release|Any CPU
	EndGlobalSection
	GlobalSection(SolutionProperties) = preSolution
		HideSolutionNode = FALSE
	EndGlobalSection
EndGlobal
